# This file is automatically @generated by Cargo.
# It is not intended for manual editing.
version = 4

[[package]]
name = "unit-00-01-programm-und-compiler"
version = "0.1.0"

[[package]]
name = "unit-00-02-kommandozeile-rustup-cargo"
version = "0.1.0"

[[package]]
name = "unit-00-03-erstes-projekt-und-fehlermeldung"
version = "0.1.0"

[[package]]
name = "unit-01-01-variablen-und-veraenderbarkeit"
version = "0.1.0"

[[package]]
name = "unit-01-02-zahlen-und-einfache-typen"
version = "0.1.0"

[[package]]
name = "unit-01-03-funktionen"
version = "0.1.0"

[[package]]
name = "unit-01-04-kommentare-und-cargo-fmt"
version = "0.1.0"

[[package]]
name = "unit-01-05-if-und-else"
version = "0.1.0"

[[package]]
name = "unit-01-06-schleifen-und-cargo-clippy"
version = "0.1.0"

[[package]]
name = "unit-02-01-move"
version = "0.1.0"

[[package]]
name = "unit-02-02-stack-und-heap"
version = "0.1.0"

[[package]]
name = "unit-02-03-ausleihen"
version = "0.1.0"

[[package]]
name = "unit-02-04-veraenderbares-ausleihen"
version = "0.1.0"

[[package]]
name = "unit-02-05-slices"
version = "0.1.0"

[[package]]
name = "unit-03-01-struct"
version = "0.1.0"

[[package]]
name = "unit-03-02-methoden"
version = "0.1.0"

[[package]]
name = "unit-03-03-enum"
version = "0.1.0"

[[package]]
name = "unit-03-04-match"
version = "0.1.0"

[[package]]
name = "unit-03-05-option-und-if-let"
version = "0.1.0"

[[package]]
name = "unit-03-06-derive-mit-debug"
version = "0.1.0"

[[package]]
name = "unit-03-07-display-selbst-schreiben"
version = "0.1.0"

[[package]]
name = "xtask"
version = "0.1.0"
