# This file is automatically @generated by Cargo.
# It is not intended for manual editing.
version = 4

[[package]]
name = "unit-00-01-programm-und-compiler"
version = "0.1.0"

[[package]]
name = "unit-00-02-kommandozeile-rustup-cargo"
version = "0.1.0"

[[package]]
name = "unit-00-03-erstes-projekt-und-fehlermeldung"
version = "0.1.0"

[[package]]
name = "unit-01-01-variablen-und-veraenderbarkeit"
version = "0.1.0"

[[package]]
name = "unit-01-02-zahlen-und-einfache-typen"
version = "0.1.0"

[[package]]
name = "unit-01-03-funktionen"
version = "0.1.0"

[[package]]
name = "unit-01-04-kommentare-und-cargo-fmt"
version = "0.1.0"

[[package]]
name = "unit-01-05-if-und-else"
version = "0.1.0"

[[package]]
name = "unit-01-06-schleifen-und-cargo-clippy"
version = "0.1.0"

[[package]]
name = "unit-02-01-move"
version = "0.1.0"

[[package]]
name = "unit-02-02-stack-und-heap"
version = "0.1.0"

[[package]]
name = "unit-02-03-ausleihen"
version = "0.1.0"

[[package]]
name = "unit-02-04-veraenderbares-ausleihen"
version = "0.1.0"

[[package]]
name = "unit-02-05-slices"
version = "0.1.0"

[[package]]
name = "unit-03-01-struct"
version = "0.1.0"

[[package]]
name = "unit-03-02-methoden"
version = "0.1.0"

[[package]]
name = "unit-03-03-enum"
version = "0.1.0"

[[package]]
name = "unit-03-04-match"
version = "0.1.0"

[[package]]
name = "unit-03-05-option-und-if-let"
version = "0.1.0"

[[package]]
name = "unit-03-06-derive-mit-debug"
version = "0.1.0"

[[package]]
name = "unit-03-07-display-selbst-schreiben"
version = "0.1.0"

[[package]]
name = "unit-04-01-pakete-und-crates"
version = "0.1.0"

[[package]]
name = "unit-04-02-module"
version = "0.1.0"

[[package]]
name = "unit-04-03-use-und-sichtbarkeit"
version = "0.1.0"

[[package]]
name = "unit-04-04-vec"
version = "0.1.0"

[[package]]
name = "unit-04-05-string"
version = "0.1.0"

[[package]]
name = "unit-04-06-hashmap"
version = "0.1.0"

[[package]]
name = "unit-04-07-panic-und-result"
version = "0.1.0"

[[package]]
name = "unit-04-08-from-into-und-fragezeichen"
version = "0.1.0"

[[package]]
name = "unit-04-09-tryfrom-und-fehlertyp"
version = "0.1.0"

[[package]]
name = "unit-04-10-error-und-box-dyn-error"
version = "0.1.0"

[[package]]
name = "unit-05-01-generische-typen"
version = "0.1.0"

[[package]]
name = "unit-05-02-traits"
version = "0.1.0"

[[package]]
name = "unit-05-03-trait-bounds"
version = "0.1.0"

[[package]]
name = "unit-05-04-lifetimes"
version = "0.1.0"

[[package]]
name = "unit-05-05-tests-und-ihr-aufbau"
version = "0.1.0"

[[package]]
name = "unit-05-06-doku-tests"
version = "0.1.0"

[[package]]
name = "unit-06-01-argumente-von-der-kommandozeile"
version = "0.1.0"

[[package]]
name = "unit-06-02-dateien-lesen-und-schreiben"
version = "0.1.0"

[[package]]
name = "unit-06-06-cargo-profile-und-cargo-doc"
version = "0.1.0"

[[package]]
name = "unit-07-01-box"
version = "0.1.0"

[[package]]
name = "unit-07-02-rc"
version = "0.1.0"

[[package]]
name = "unit-08-01-futures-async-und-await"
version = "0.1.0"

[[package]]
name = "unit-09-01-muster-im-detail"
version = "0.1.0"

[[package]]
name = "unit-09-02-assoziierte-typen"
version = "0.1.0"

[[package]]
name = "unit-09-03-operatorueberladung"
version = "0.1.0"

[[package]]
name = "unit-10-01-was-unsafe-erlaubt"
version = "0.1.0"

[[package]]
name = "unit-10-02-rohe-zeiger"
version = "0.1.0"

[[package]]
name = "xtask"
version = "0.1.0"
